// !$*UTF8*$!
{
	archiveVersion = 1;
	classes = {
	};
	objectVersion = 55;
	objects = {

/* Begin PBXBuildFile section */
		D32DF269275A8C9B00F07A8E /* Landmark.swift in Sources */ = {isa = PBXBuildFile; fileRef = D32DF268275A8C9B00F07A8E /* Landmark.swift */; };
		D32DF26B275A952200F07A8E /* ModelData.swift in Sources */ = {isa = PBXBuildFile; fileRef = D32DF26A275A952200F07A8E /* ModelData.swift */; };
		D32DF271275AA4A100F07A8E /* LandmarkRow.swift in Sources */ = {isa = PBXBuildFile; fileRef = D32DF270275AA4A100F07A8E /* LandmarkRow.swift */; };
		D32DF273275AA5F100F07A8E /* landmarkData.json in Resources */ = {isa = PBXBuildFile; fileRef = D32DF272275AA5F100F07A8E /* landmarkData.json */; };
		D32DF275275AACDD00F07A8E /* LandmarkList.swift in Sources */ = {isa = PBXBuildFile; fileRef = D32DF274275AACDD00F07A8E /* LandmarkList.swift */; };
		D32DF277275AAF7A00F07A8E /* LandmarkDetail.swift in Sources */ = {isa = PBXBuildFile; fileRef = D32DF276275AAF7A00F07A8E /* LandmarkDetail.swift */; };
		D3705B8B275962DA00C26012 /* PrimeiroAppApp.swift in Sources */ = {isa = PBXBuildFile; fileRef = D3705B8A275962DA00C26012 /* PrimeiroAppApp.swift */; };
		D3705B8D275962DA00C26012 /* ContentView.swift in Sources */ = {isa = PBXBuildFile; fileRef = D3705B8C275962DA00C26012 /* ContentView.swift */; };
		D3705B8F275962DC00C26012 /* Assets.xcassets in Resources */ = {isa = PBXBuildFile; fileRef = D3705B8E275962DC00C26012 /* Assets.xcassets */; };
		D3705B92275962DC00C26012 /* Preview Assets.xcassets in Resources */ = {isa = PBXBuildFile; fileRef = D3705B91275962DC00C26012 /* Preview Assets.xcassets */; };
		D3705BBB2759935000C26012 /* CircleImage.swift in Sources */ = {isa = PBXBuildFile; fileRef = D3705BBA2759935000C26012 /* CircleImage.swift */; };
		D3705BBD275994F500C26012 /* MapView.swift in Sources */ = {isa = PBXBuildFile; fileRef = D3705BBC275994F500C26012 /* MapView.swift */; };
/* End PBXBuildFile section */

/* Begin PBXContainerItemProxy section */
		D3705B98275962DC00C26012 /* PBXContainerItemProxy */ = {
			isa = PBXContainerItemProxy;
			containerPortal = D3705B7F275962DA00C26012 /* Project object */;
			proxyType = 1;
			remoteGlobalIDString = D3705B86275962DA00C26012;
			remoteInfo = PrimeiroApp;
		};
		D3705BA2275962DC00C26012 /* PBXContainerItemProxy */ = {
			isa = PBXContainerItemProxy;
			containerPortal = D3705B7F275962DA00C26012 /* Project object */;
			proxyType = 1;
			remoteGlobalIDString = D3705B86275962DA00C26012;
			remoteInfo = PrimeiroApp;
		};
/* End PBXContainerItemProxy section */

/* Begin PBXFileReference section */
		D32DF268275A8C9B00F07A8E /* Landmark.swift */ = {isa = PBXFileReference; lastKnownFileType = sourcecode.swift; path = Landmark.swift; sourceTree = "<group>"; };
		D32DF26A275A952200F07A8E /* ModelData.swift */ = {isa = PBXFileReference; lastKnownFileType = sourcecode.swift; path = ModelData.swift; sourceTree = "<group>"; };
		D32DF270275AA4A100F07A8E /* LandmarkRow.swift */ = {isa = PBXFileReference; lastKnownFileType = sourcecode.swift; path = LandmarkRow.swift; sourceTree = "<group>"; };
		D32DF272275AA5F100F07A8E /* landmarkData.json */ = {isa = PBXFileReference; fileEncoding = 4; lastKnownFileType = text.json; path = landmarkData.json; sourceTree = "<group>"; };
		D32DF274275AACDD00F07A8E /* LandmarkList.swift */ = {isa = PBXFileReference; lastKnownFileType = sourcecode.swift; path = LandmarkList.swift; sourceTree = "<group>"; };
		D32DF276275AAF7A00F07A8E /* LandmarkDetail.swift */ = {isa = PBXFileReference; lastKnownFileType = sourcecode.swift; path = LandmarkDetail.swift; sourceTree = "<group>"; };
		D3705B87275962DA00C26012 /* PrimeiroApp.app */ = {isa = PBXFileReference; explicitFileType = wrapper.application; includeInIndex = 0; path = PrimeiroApp.app; sourceTree = BUILT_PRODUCTS_DIR; };
		D3705B8A275962DA00C26012 /* PrimeiroAppApp.swift */ = {isa = PBXFileReference; lastKnownFileType = sourcecode.swift; path = PrimeiroAppApp.swift; sourceTree = "<group>"; };
		D3705B8C275962DA00C26012 /* ContentView.swift */ = {isa = PBXFileReference; lastKnownFileType = sourcecode.swift; path = ContentView.swift; sourceTree = "<group>"; };
		D3705B8E275962DC00C26012 /* Assets.xcassets */ = {isa = PBXFileReference; lastKnownFileType = folder.assetcatalog; path = Assets.xcassets; sourceTree = "<group>"; };
		D3705B91275962DC00C26012 /* Preview Assets.xcassets */ = {isa = PBXFileReference; lastKnownFileType = folder.assetcatalog; path = "Preview Assets.xcassets"; sourceTree = "<group>"; };
		D3705B97275962DC00C26012 /* PrimeiroAppTests.xctest */ = {isa = PBXFileReference; explicitFileType = wrapper.cfbundle; includeInIndex = 0; path = PrimeiroAppTests.xctest; sourceTree = BUILT_PRODUCTS_DIR; };
		D3705BA1275962DC00C26012 /* PrimeiroAppUITests.xctest */ = {isa = PBXFileReference; explicitFileType = wrapper.cfbundle; includeInIndex = 0; path = PrimeiroAppUITests.xctest; sourceTree = BUILT_PRODUCTS_DIR; };
		D3705BBA2759935000C26012 /* CircleImage.swift */ = {isa = PBXFileReference; lastKnownFileType = sourcecode.swift; path = CircleImage.swift; sourceTree = "<group>"; };
		D3705BBC275994F500C26012 /* MapView.swift */ = {isa = PBXFileReference; lastKnownFileType = sourcecode.swift; path = MapView.swift; sourceTree = "<group>"; };
/* End PBXFileReference section */

/* Begin PBXFrameworksBuildPhase section */
		D3705B84275962DA00C26012 /* Frameworks */ = {
			isa = PBXFrameworksBuildPhase;
			buildActionMask = 2147483647;
			files = (
			);
			runOnlyForDeploymentPostprocessing = 0;
		};
		D3705B94275962DC00C26012 /* Frameworks */ = {
			isa = PBXFrameworksBuildPhase;
			buildActionMask = 2147483647;
			files = (
			);
			runOnlyForDeploymentPostprocessing = 0;
		};
		D3705B9E275962DC00C26012 /* Frameworks */ = {
			isa = PBXFrameworksBuildPhase;
			buildActionMask = 2147483647;
			files = (
			);
			runOnlyForDeploymentPostprocessing = 0;
		};
/* End PBXFrameworksBuildPhase section */

/* Begin PBXGroup section */
		D32DF26C275AA22C00F07A8E /* Model */ = {
			isa = PBXGroup;
			children = (
				D32DF26A275A952200F07A8E /* ModelData.swift */,
				D32DF268275A8C9B00F07A8E /* Landmark.swift */,
			);
			path = Model;
			sourceTree = "<group>";
		};
		D32DF26D275AA29F00F07A8E /* Views */ = {
			isa = PBXGroup;
			children = (
				D3705B8C275962DA00C26012 /* ContentView.swift */,
				D3705BBA2759935000C26012 /* CircleImage.swift */,
				D3705BBC275994F500C26012 /* MapView.swift */,
				D32DF270275AA4A100F07A8E /* LandmarkRow.swift */,
				D32DF274275AACDD00F07A8E /* LandmarkList.swift */,
				D32DF276275AAF7A00F07A8E /* LandmarkDetail.swift */,
			);
			path = Views;
			sourceTree = "<group>";
		};
		D32DF26E275AA39800F07A8E /* Resources */ = {
			isa = PBXGroup;
			children = (
				D32DF272275AA5F100F07A8E /* landmarkData.json */,
			);
			path = Resources;
			sourceTree = "<group>";
		};
		D3705B7E275962DA00C26012 = {
			isa = PBXGroup;
			children = (
				D32DF26E275AA39800F07A8E /* Resources */,
				D32DF26D275AA29F00F07A8E /* Views */,
				D32DF26C275AA22C00F07A8E /* Model */,
				D3705B8A275962DA00C26012 /* PrimeiroAppApp.swift */,
				D3705B8E275962DC00C26012 /* Assets.xcassets */,
				D3705B90275962DC00C26012 /* Preview Content */,
				D3705B88275962DA00C26012 /* Products */,
			);
			sourceTree = "<group>";
		};
		D3705B88275962DA00C26012 /* Products */ = {
			isa = PBXGroup;
			children = (
				D3705B87275962DA00C26012 /* PrimeiroApp.app */,
				D3705B97275962DC00C26012 /* PrimeiroAppTests.xctest */,
				D3705BA1275962DC00C26012 /* PrimeiroAppUITests.xctest */,
			);
			name = Products;
			sourceTree = "<group>";
		};
		D3705B90275962DC00C26012 /* Preview Content */ = {
			isa = PBXGroup;
			children = (
				D3705B91275962DC00C26012 /* Preview Assets.xcassets */,
			);
			path = "Preview Content";
			sourceTree = "<group>";
		};
/* End PBXGroup section */

/* Begin PBXNativeTarget section */
		D3705B86275962DA00C26012 /* PrimeiroApp */ = {
			isa = PBXNativeTarget;
			buildConfigurationList = D3705BAB275962DC00C26012 /* Build configuration list for PBXNativeTarget "PrimeiroApp" */;
			buildPhases = (
				D3705B83275962DA00C26012 /* Sources */,
				D3705B84275962DA00C26012 /* Frameworks */,
				D3705B85275962DA00C26012 /* Resources */,
			);
			buildRules = (
			);
			dependencies = (
			);
			name = PrimeiroApp;
			productName = PrimeiroApp;
			productReference = D3705B87275962DA00C26012 /* PrimeiroApp.app */;
			productType = "com.apple.product-type.application";
		};
		D3705B96275962DC00C26012 /* PrimeiroAppTests */ = {
			isa = PBXNativeTarget;
			buildConfigurationList = D3705BAE275962DC00C26012 /* Build configuration list for PBXNativeTarget "PrimeiroAppTests" */;
			buildPhases = (
				D3705B93275962DC00C26012 /* Sources */,
				D3705B94275962DC00C26012 /* Frameworks */,
				D3705B95275962DC00C26012 /* Resources */,
			);
			buildRules = (
			);
			dependencies = (
				D3705B99275962DC00C26012 /* PBXTargetDependency */,
			);
			name = PrimeiroAppTests;
			productName = PrimeiroAppTests;
			productReference = D3705B97275962DC00C26012 /* PrimeiroAppTests.xctest */;
			productType = "com.apple.product-type.bundle.unit-test";
		};
		D3705BA0275962DC00C26012 /* PrimeiroAppUITests */ = {
			isa = PBXNativeTarget;
			buildConfigurationList = D3705BB1275962DC00C26012 /* Build configuration list for PBXNativeTarget "PrimeiroAppUITests" */;
			buildPhases = (
				D3705B9D275962DC00C26012 /* Sources */,
				D3705B9E275962DC00C26012 /* Frameworks */,
				D3705B9F275962DC00C26012 /* Resources */,
			);
			buildRules = (
			);
			dependencies = (
				D3705BA3275962DC00C26012 /* PBXTargetDependency */,
			);
			name = PrimeiroAppUITests;
			productName = PrimeiroAppUITests;
			productReference = D3705BA1275962DC00C26012 /* PrimeiroAppUITests.xctest */;
			productType = "com.apple.product-type.bundle.ui-testing";
		};
/* End PBXNativeTarget section */

/* Begin PBXProject section */
		D3705B7F275962DA00C26012 /* Project object */ = {
			isa = PBXProject;
			attributes = {
				BuildIndependentTargetsInParallel = 1;
				LastSwiftUpdateCheck = 1310;
				LastUpgradeCheck = 1310;
				TargetAttributes = {
					D3705B86275962DA00C26012 = {
						CreatedOnToolsVersion = 13.1;
					};
					D3705B96275962DC00C26012 = {
						CreatedOnToolsVersion = 13.1;
						TestTargetID = D3705B86275962DA00C26012;
					};
					D3705BA0275962DC00C26012 = {
						CreatedOnToolsVersion = 13.1;
						TestTargetID = D3705B86275962DA00C26012;
					};
				};
			};
			buildConfigurationList = D3705B82275962DA00C26012 /* Build configuration list for PBXProject "PrimeiroApp" */;
			compatibilityVersion = "Xcode 13.0";
			developmentRegion = en;
			hasScannedForEncodings = 0;
			knownRegions = (
				en,
				Base,
			);
			mainGroup = D3705B7E275962DA00C26012;
			productRefGroup = D3705B88275962DA00C26012 /* Products */;
			projectDirPath = "";
			projectRoot = "";
			targets = (
				D3705B86275962DA00C26012 /* PrimeiroApp */,
				D3705B96275962DC00C26012 /* PrimeiroAppTests */,
				D3705BA0275962DC00C26012 /* PrimeiroAppUITests */,
			);
		};
/* End PBXProject section */

/* Begin PBXResourcesBuildPhase section */
		D3705B85275962DA00C26012 /* Resources */ = {
			isa = PBXResourcesBuildPhase;
			buildActionMask = 2147483647;
			files = (
				D3705B92275962DC00C26012 /* Preview Assets.xcassets in Resources */,
				D3705B8F275962DC00C26012 /* Assets.xcassets in Resources */,
				D32DF273275AA5F100F07A8E /* landmarkData.json in Resources */,
			);
			runOnlyForDeploymentPostprocessing = 0;
		};
		D3705B95275962DC00C26012 /* Resources */ = {
			isa = PBXResourcesBuildPhase;
			buildActionMask = 2147483647;
			files = (
			);
			runOnlyForDeploymentPostprocessing = 0;
		};
		D3705B9F275962DC00C26012 /* Resources */ = {
			isa = PBXResourcesBuildPhase;
			buildActionMask = 2147483647;
			files = (
			);
			runOnlyForDeploymentPostprocessing = 0;
		};
/* End PBXResourcesBuildPhase section */

/* Begin PBXSourcesBuildPhase section */
		D3705B83275962DA00C26012 /* Sources */ = {
			isa = PBXSourcesBuildPhase;
			buildActionMask = 2147483647;
			files = (
				D3705B8D275962DA00C26012 /* ContentView.swift in Sources */,
				D3705BBD275994F500C26012 /* MapView.swift in Sources */,
				D3705B8B275962DA00C26012 /* PrimeiroAppApp.swift in Sources */,
				D32DF275275AACDD00F07A8E /* LandmarkList.swift in Sources */,
				D32DF277275AAF7A00F07A8E /* LandmarkDetail.swift in Sources */,
				D3705BBB2759935000C26012 /* CircleImage.swift in Sources */,
				D32DF269275A8C9B00F07A8E /* Landmark.swift in Sources */,
				D32DF271275AA4A100F07A8E /* LandmarkRow.swift in Sources */,
				D32DF26B275A952200F07A8E /* ModelData.swift in Sources */,
			);
			runOnlyForDeploymentPostprocessing = 0;
		};
		D3705B93275962DC00C26012 /* Sources */ = {
			isa = PBXSourcesBuildPhase;
			buildActionMask = 2147483647;
			files = (
			);
			runOnlyForDeploymentPostprocessing = 0;
		};
		D3705B9D275962DC00C26012 /* Sources */ = {
			isa = PBXSourcesBuildPhase;
			buildActionMask = 2147483647;
			files = (
			);
			runOnlyForDeploymentPostprocessing = 0;
		};
/* End PBXSourcesBuildPhase section */

/* Begin PBXTargetDependency section */
		D3705B99275962DC00C26012 /* PBXTargetDependency */ = {
			isa = PBXTargetDependency;
			target = D3705B86275962DA00C26012 /* PrimeiroApp */;
			targetProxy = D3705B98275962DC00C26012 /* PBXContainerItemProxy */;
		};
		D3705BA3275962DC00C26012 /* PBXTargetDependency */ = {
			isa = PBXTargetDependency;
			target = D3705B86275962DA00C26012 /* PrimeiroApp */;
			targetProxy = D3705BA2275962DC00C26012 /* PBXContainerItemProxy */;
		};
/* End PBXTargetDependency section */

/* Begin XCBuildConfiguration section */
		D3705BA9275962DC00C26012 /* Debug */ = {
			isa = XCBuildConfiguration;
			buildSettings = {
				ALWAYS_SEARCH_USER_PATHS = NO;
				CLANG_ANALYZER_NONNULL = YES;
				CLANG_ANALYZER_NUMBER_OBJECT_CONVERSION = YES_AGGRESSIVE;
				CLANG_CXX_LANGUAGE_STANDARD = "gnu++17";
				CLANG_CXX_LIBRARY = "libc++";
				CLANG_ENABLE_MODULES = YES;
				CLANG_ENABLE_OBJC_ARC = YES;
				CLANG_ENABLE_OBJC_WEAK = YES;
				CLANG_WARN_BLOCK_CAPTURE_AUTORELEASING = YES;
				CLANG_WARN_BOOL_CONVERSION = YES;
				CLANG_WARN_COMMA = YES;
				CLANG_WARN_CONSTANT_CONVERSION = YES;
				CLANG_WARN_DEPRECATED_OBJC_IMPLEMENTATIONS = YES;
				CLANG_WARN_DIRECT_OBJC_ISA_USAGE = YES_ERROR;
				CLANG_WARN_DOCUMENTATION_COMMENTS = YES;
				CLANG_WARN_EMPTY_BODY = YES;
				CLANG_WARN_ENUM_CONVERSION = YES;
				CLANG_WARN_INFINITE_RECURSION = YES;
				CLANG_WARN_INT_CONVERSION = YES;
				CLANG_WARN_NON_LITERAL_NULL_CONVERSION = YES;
				CLANG_WARN_OBJC_IMPLICIT_RETAIN_SELF = YES;
				CLANG_WARN_OBJC_LITERAL_CONVERSION = YES;
				CLANG_WARN_OBJC_ROOT_CLASS = YES_ERROR;
				CLANG_WARN_QUOTED_INCLUDE_IN_FRAMEWORK_HEADER = YES;
				CLANG_WARN_RANGE_LOOP_ANALYSIS = YES;
				CLANG_WARN_STRICT_PROTOTYPES = YES;
				CLANG_WARN_SUSPICIOUS_MOVE = YES;
				CLANG_WARN_UNGUARDED_AVAILABILITY = YES_AGGRESSIVE;
				CLANG_WARN_UNREACHABLE_CODE = YES;
				CLANG_WARN__DUPLICATE_METHOD_MATCH = YES;
				COPY_PHASE_STRIP = NO;
				DEBUG_INFORMATION_FORMAT = dwarf;
				ENABLE_STRICT_OBJC_MSGSEND = YES;
				ENABLE_TESTABILITY = YES;
				GCC_C_LANGUAGE_STANDARD = gnu11;
				GCC_DYNAMIC_NO_PIC = NO;
				GCC_NO_COMMON_BLOCKS = YES;
				GCC_OPTIMIZATION_LEVEL = 0;
				GCC_PREPROCESSOR_DEFINITIONS = (
					"DEBUG=1",
					"$(inherited)",
				);
				GCC_WARN_64_TO_32_BIT_CONVERSION = YES;
				GCC_WARN_ABOUT_RETURN_TYPE = YES_ERROR;
				GCC_WARN_UNDECLARED_SELECTOR = YES;
				GCC_WARN_UNINITIALIZED_AUTOS = YES_AGGRESSIVE;
				GCC_WARN_UNUSED_FUNCTION = YES;
				GCC_WARN_UNUSED_VARIABLE = YES;
				IPHONEOS_DEPLOYMENT_TARGET = 15.0;
				MTL_ENABLE_DEBUG_INFO = INCLUDE_SOURCE;
				MTL_FAST_MATH = YES;
				ONLY_ACTIVE_ARCH = YES;
				SDKROOT = iphoneos;
				SWIFT_ACTIVE_COMPILATION_CONDITIONS = DEBUG;
				SWIFT_OPTIMIZATION_LEVEL = "-Onone";
			};
			name = Debug;
		};
		D3705BAA275962DC00C26012 /* Release */ = {
			isa = XCBuildConfiguration;
			buildSettings = {
				ALWAYS_SEARCH_USER_PATHS = NO;
				CLANG_ANALYZER_NONNULL = YES;
				CLANG_ANALYZER_NUMBER_OBJECT_CONVERSION = YES_AGGRESSIVE;
				CLANG_CXX_LANGUAGE_STANDARD = "gnu++17";
				CLANG_CXX_LIBRARY = "libc++";
				CLANG_ENABLE_MODULES = YES;
				CLANG_ENABLE_OBJC_ARC = YES;
				CLANG_ENABLE_OBJC_WEAK = YES;
				CLANG_WARN_BLOCK_CAPTURE_AUTORELEASING = YES;
				CLANG_WARN_BOOL_CONVERSION = YES;
				CLANG_WARN_COMMA = YES;
				CLANG_WARN_CONSTANT_CONVERSION = YES;
				CLANG_WARN_DEPRECATED_OBJC_IMPLEMENTATIONS = YES;
				CLANG_WARN_DIRECT_OBJC_ISA_USAGE = YES_ERROR;
				CLANG_WARN_DOCUMENTATION_COMMENTS = YES;
				CLANG_WARN_EMPTY_BODY = YES;
				CLANG_WARN_ENUM_CONVERSION = YES;
				CLANG_WARN_INFINITE_RECURSION = YES;
				CLANG_WARN_INT_CONVERSION = YES;
				CLANG_WARN_NON_LITERAL_NULL_CONVERSION = YES;
				CLANG_WARN_OBJC_IMPLICIT_RETAIN_SELF = YES;
				CLANG_WARN_OBJC_LITERAL_CONVERSION = YES;
				CLANG_WARN_OBJC_ROOT_CLASS = YES_ERROR;
				CLANG_WARN_QUOTED_INCLUDE_IN_FRAMEWORK_HEADER = YES;
				CLANG_WARN_RANGE_LOOP_ANALYSIS = YES;
				CLANG_WARN_STRICT_PROTOTYPES = YES;
				CLANG_WARN_SUSPICIOUS_MOVE = YES;
				CLANG_WARN_UNGUARDED_AVAILABILITY = YES_AGGRESSIVE;
				CLANG_WARN_UNREACHABLE_CODE = YES;
				CLANG_WARN__DUPLICATE_METHOD_MATCH = YES;
				COPY_PHASE_STRIP = NO;
				DEBUG_INFORMATION_FORMAT = "dwarf-with-dsym";
				ENABLE_NS_ASSERTIONS = NO;
				ENABLE_STRICT_OBJC_MSGSEND = YES;
				GCC_C_LANGUAGE_STANDARD = gnu11;
				GCC_NO_COMMON_BLOCKS = YES;
				GCC_WARN_64_TO_32_BIT_CONVERSION = YES;
				GCC_WARN_ABOUT_RETURN_TYPE = YES_ERROR;
				GCC_WARN_UNDECLARED_SELECTOR = YES;
				GCC_WARN_UNINITIALIZED_AUTOS = YES_AGGRESSIVE;
				GCC_WARN_UNUSED_FUNCTION = YES;
				GCC_WARN_UNUSED_VARIABLE = YES;
				IPHONEOS_DEPLOYMENT_TARGET = 15.0;
				MTL_ENABLE_DEBUG_INFO = NO;
				MTL_FAST_MATH = YES;
				SDKROOT = iphoneos;
				SWIFT_COMPILATION_MODE = wholemodule;
				SWIFT_OPTIMIZATION_LEVEL = "-O";
				VALIDATE_PRODUCT = YES;
			};
			name = Release;
		};
		D3705BAC275962DC00C26012 /* Debug */ = {
			isa = XCBuildConfiguration;
			buildSettings = {
				ASSETCATALOG_COMPILER_APPICON_NAME = AppIcon;
				ASSETCATALOG_COMPILER_GLOBAL_ACCENT_COLOR_NAME = AccentColor;
				CODE_SIGN_STYLE = Automatic;
				CURRENT_PROJECT_VERSION = 1;
				DEVELOPMENT_ASSET_PATHS = "\"Preview Content\"";
				DEVELOPMENT_TEAM = RBH8S39R7A;
				ENABLE_PREVIEWS = YES;
				GENERATE_INFOPLIST_FILE = YES;
				INFOPLIST_KEY_UIApplicationSceneManifest_Generation = YES;
				INFOPLIST_KEY_UIApplicationSupportsIndirectInputEvents = YES;
				INFOPLIST_KEY_UILaunchScreen_Generation = YES;
				INFOPLIST_KEY_UISupportedInterfaceOrientations_iPad = "UIInterfaceOrientationPortrait UIInterfaceOrientationPortraitUpsideDown UIInterfaceOrientationLandscapeLeft UIInterfaceOrientationLandscapeRight";
				INFOPLIST_KEY_UISupportedInterfaceOrientations_iPhone = "UIInterfaceOrientationPortrait UIInterfaceOrientationLandscapeLeft UIInterfaceOrientationLandscapeRight";
				LD_RUNPATH_SEARCH_PATHS = (
					"$(inherited)",
					"@executable_path/Frameworks",
				);
				MARKETING_VERSION = 1.0;
				PRODUCT_BUNDLE_IDENTIFIER = com.testdev.PrimeiroApp;
				PRODUCT_NAME = "$(TARGET_NAME)";
				SWIFT_EMIT_LOC_STRINGS = YES;
				SWIFT_VERSION = 5.0;
				TARGETED_DEVICE_FAMILY = "1,2";
			};
			name = Debug;
		};
		D3705BAD275962DC00C26012 /* Release */ = {
			isa = XCBuildConfiguration;
			buildSettings = {
				ASSETCATALOG_COMPILER_APPICON_NAME = AppIcon;
				ASSETCATALOG_COMPILER_GLOBAL_ACCENT_COLOR_NAME = AccentColor;
				CODE_SIGN_STYLE = Automatic;
				CURRENT_PROJECT_VERSION = 1;
				DEVELOPMENT_ASSET_PATHS = "\"Preview Content\"";
				DEVELOPMENT_TEAM = RBH8S39R7A;
				ENABLE_PREVIEWS = YES;
				GENERATE_INFOPLIST_FILE = YES;
				INFOPLIST_KEY_UIApplicationSceneManifest_Generation = YES;
				INFOPLIST_KEY_UIApplicationSupportsIndirectInputEvents = YES;
				INFOPLIST_KEY_UILaunchScreen_Generation = YES;
				INFOPLIST_KEY_UISupportedInterfaceOrientations_iPad = "UIInterfaceOrientationPortrait UIInterfaceOrientationPortraitUpsideDown UIInterfaceOrientationLandscapeLeft UIInterfaceOrientationLandscapeRight";
				INFOPLIST_KEY_UISupportedInterfaceOrientations_iPhone = "UIInterfaceOrientationPortrait UIInterfaceOrientationLandscapeLeft UIInterfaceOrientationLandscapeRight";
				LD_RUNPATH_SEARCH_PATHS = (
					"$(inherited)",
					"@executable_path/Frameworks",
				);
				MARKETING_VERSION = 1.0;
				PRODUCT_BUNDLE_IDENTIFIER = com.testdev.PrimeiroApp;
				PRODUCT_NAME = "$(TARGET_NAME)";
				SWIFT_EMIT_LOC_STRINGS = YES;
				SWIFT_VERSION = 5.0;
				TARGETED_DEVICE_FAMILY = "1,2";
			};
			name = Release;
		};
		D3705BAF275962DC00C26012 /* Debug */ = {
			isa = XCBuildConfiguration;
			buildSettings = {
				ALWAYS_EMBED_SWIFT_STANDARD_LIBRARIES = YES;
				BUNDLE_LOADER = "$(TEST_HOST)";
				CODE_SIGN_STYLE = Automatic;
				CURRENT_PROJECT_VERSION = 1;
				DEVELOPMENT_TEAM = RBH8S39R7A;
				GENERATE_INFOPLIST_FILE = YES;
				IPHONEOS_DEPLOYMENT_TARGET = 15.0;
				LD_RUNPATH_SEARCH_PATHS = (
					"$(inherited)",
					"@executable_path/Frameworks",
					"@loader_path/Frameworks",
				);
				MARKETING_VERSION = 1.0;
				PRODUCT_BUNDLE_IDENTIFIER = com.testdev.PrimeiroAppTests;
				PRODUCT_NAME = "$(TARGET_NAME)";
				SWIFT_EMIT_LOC_STRINGS = NO;
				SWIFT_VERSION = 5.0;
				TARGETED_DEVICE_FAMILY = "1,2";
				TEST_HOST = "$(BUILT_PRODUCTS_DIR)/PrimeiroApp.app/PrimeiroApp";
			};
			name = Debug;
		};
		D3705BB0275962DC00C26012 /* Release */ = {
			isa = XCBuildConfiguration;
			buildSettings = {
				ALWAYS_EMBED_SWIFT_STANDARD_LIBRARIES = YES;
				BUNDLE_LOADER = "$(TEST_HOST)";
				CODE_SIGN_STYLE = Automatic;
				CURRENT_PROJECT_VERSION = 1;
				DEVELOPMENT_TEAM = RBH8S39R7A;
				GENERATE_INFOPLIST_FILE = YES;
				IPHONEOS_DEPLOYMENT_TARGET = 15.0;
				LD_RUNPATH_SEARCH_PATHS = (
					"$(inherited)",
					"@executable_path/Frameworks",
					"@loader_path/Frameworks",
				);
				MARKETING_VERSION = 1.0;
				PRODUCT_BUNDLE_IDENTIFIER = com.testdev.PrimeiroAppTests;
				PRODUCT_NAME = "$(TARGET_NAME)";
				SWIFT_EMIT_LOC_STRINGS = NO;
				SWIFT_VERSION = 5.0;
				TARGETED_DEVICE_FAMILY = "1,2";
				TEST_HOST = "$(BUILT_PRODUCTS_DIR)/PrimeiroApp.app/PrimeiroApp";
			};
			name = Release;
		};
		D3705BB2275962DC00C26012 /* Debug */ = {
			isa = XCBuildConfiguration;
			buildSettings = {
				ALWAYS_EMBED_SWIFT_STANDARD_LIBRARIES = YES;
				CODE_SIGN_STYLE = Automatic;
				CURRENT_PROJECT_VERSION = 1;
				DEVELOPMENT_TEAM = RBH8S39R7A;
				GENERATE_INFOPLIST_FILE = YES;
				LD_RUNPATH_SEARCH_PATHS = (
					"$(inherited)",
					"@executable_path/Frameworks",
					"@loader_path/Frameworks",
				);
				MARKETING_VERSION = 1.0;
				PRODUCT_BUNDLE_IDENTIFIER = com.testdev.PrimeiroAppUITests;
				PRODUCT_NAME = "$(TARGET_NAME)";
				SWIFT_EMIT_LOC_STRINGS = NO;
				SWIFT_VERSION = 5.0;
				TARGETED_DEVICE_FAMILY = "1,2";
				TEST_TARGET_NAME = PrimeiroApp;
			};
			name = Debug;
		};
		D3705BB3275962DC00C26012 /* Release */ = {
			isa = XCBuildConfiguration;
			buildSettings = {
				ALWAYS_EMBED_SWIFT_STANDARD_LIBRARIES = YES;
				CODE_SIGN_STYLE = Automatic;
				CURRENT_PROJECT_VERSION = 1;
				DEVELOPMENT_TEAM = RBH8S39R7A;
				GENERATE_INFOPLIST_FILE = YES;
				LD_RUNPATH_SEARCH_PATHS = (
					"$(inherited)",
					"@executable_path/Frameworks",
					"@loader_path/Frameworks",
				);
				MARKETING_VERSION = 1.0;
				PRODUCT_BUNDLE_IDENTIFIER = com.testdev.PrimeiroAppUITests;
				PRODUCT_NAME = "$(TARGET_NAME)";
				SWIFT_EMIT_LOC_STRINGS = NO;
				SWIFT_VERSION = 5.0;
				TARGETED_DEVICE_FAMILY = "1,2";
				TEST_TARGET_NAME = PrimeiroApp;
			};
			name = Release;
		};
/* End XCBuildConfiguration section */

/* Begin XCConfigurationList section */
		D3705B82275962DA00C26012 /* Build configuration list for PBXProject "PrimeiroApp" */ = {
			isa = XCConfigurationList;
			buildConfigurations = (
				D3705BA9275962DC00C26012 /* Debug */,
				D3705BAA275962DC00C26012 /* Release */,
			);
			defaultConfigurationIsVisible = 0;
			defaultConfigurationName = Release;
		};
		D3705BAB275962DC00C26012 /* Build configuration list for PBXNativeTarget "PrimeiroApp" */ = {
			isa = XCConfigurationList;
			buildConfigurations = (
				D3705BAC275962DC00C26012 /* Debug */,
				D3705BAD275962DC00C26012 /* Release */,
			);
			defaultConfigurationIsVisible = 0;
			defaultConfigurationName = Release;
		};
		D3705BAE275962DC00C26012 /* Build configuration list for PBXNativeTarget "PrimeiroAppTests" */ = {
			isa = XCConfigurationList;
			buildConfigurations = (
				D3705BAF275962DC00C26012 /* Debug */,
				D3705BB0275962DC00C26012 /* Release */,
			);
			defaultConfigurationIsVisible = 0;
			defaultConfigurationName = Release;
		};
		D3705BB1275962DC00C26012 /* Build configuration list for PBXNativeTarget "PrimeiroAppUITests" */ = {
			isa = XCConfigurationList;
			buildConfigurations = (
				D3705BB2275962DC00C26012 /* Debug */,
				D3705BB3275962DC00C26012 /* Release */,
			);
			defaultConfigurationIsVisible = 0;
			defaultConfigurationName = Release;
		};
/* End XCConfigurationList section */
	};
	rootObject = D3705B7F275962DA00C26012 /* Project object */;
}
